
Microsoft Visual Studio Solution File, Format Version 12.00
# Visual Studio Version 16
VisualStudioVersion = 16.0.30717.126
MinimumVisualStudioVersion = 10.0.40219.1
Project("{FAE04EC0-301F-11D3-BF4B-00C04F79EFBC}") = "ECommerce.Api.Products", "ECommerce.Api.Products\ECommerce.Api.Products.csproj", "{EFD5886D-8DC2-4725-B170-AFBEB9054877}"
EndProject
Project("{FAE04EC0-301F-11D3-BF4B-00C04F79EFBC}") = "ECommerce.APi.Customers", "ECommerce.APi.Customers\ECommerce.APi.Customers.csproj", "{EEC2B0ED-1CDB-4AFC-BAD2-72D607F47D3F}"
EndProject
Project("{FAE04EC0-301F-11D3-BF4B-00C04F79EFBC}") = "ECommerece.Api.Orders", "ECommerece.Api.Orders\ECommerece.Api.Orders.csproj", "{1FCEF035-CD75-41EC-BC59-2DAF32DC4C24}"
EndProject
Project("{FAE04EC0-301F-11D3-BF4B-00C04F79EFBC}") = "ECommerce.Api.Search", "ECommerce.Api.Search\ECommerce.Api.Search.csproj", "{E86722F0-5920-44F4-9416-B4EEFCF2C4CA}"
EndProject
Project("{FAE04EC0-301F-11D3-BF4B-00C04F79EFBC}") = "ECommerce.Api.Products.Tests", "ECommerce.Api.Products.Tests\ECommerce.Api.Products.Tests.csproj", "{899317C3-C052-4AA1-BD86-33424B09DD9D}"
EndProject
Global
	GlobalSection(SolutionConfigurationPlatforms) = preSolution
		Debug|Any CPU = Debug|Any CPU
		Release|Any CPU = Release|Any CPU
	EndGlobalSection
	GlobalSection(ProjectConfigurationPlatforms) = postSolution
		{EFD5886D-8DC2-4725-B170-AFBEB9054877}.Debug|Any CPU.ActiveCfg = Debug|Any CPU
		{EFD5886D-8DC2-4725-B170-AFBEB9054877}.Debug|Any CPU.Build.0 = Debug|Any CPU
		{EFD5886D-8DC2-4725-B170-AFBEB9054877}.Release|Any CPU.ActiveCfg = Release|Any CPU
		{EFD5886D-8DC2-4725-B170-AFBEB9054877}.Release|Any CPU.Build.0 = Release|Any CPU
		{EEC2B0ED-1CDB-4AFC-BAD2-72D607F47D3F}.Debug|Any CPU.ActiveCfg = Debug|Any CPU
		{EEC2B0ED-1CDB-4AFC-BAD2-72D607F47D3F}.Debug|Any CPU.Build.0 = Debug|Any CPU
		{EEC2B0ED-1CDB-4AFC-BAD2-72D607F47D3F}.Release|Any CPU.ActiveCfg = Release|Any CPU
		{EEC2B0ED-1CDB-4AFC-BAD2-72D607F47D3F}.Release|Any CPU.Build.0 = Release|Any CPU
		{1FCEF035-CD75-41EC-BC59-2DAF32DC4C24}.Debug|Any CPU.ActiveCfg = Debug|Any CPU
		{1FCEF035-CD75-41EC-BC59-2DAF32DC4C24}.Debug|Any CPU.Build.0 = Debug|Any CPU
		{1FCEF035-CD75-41EC-BC59-2DAF32DC4C24}.Release|Any CPU.ActiveCfg = Release|Any CPU
		{1FCEF035-CD75-41EC-BC59-2DAF32DC4C24}.Release|Any CPU.Build.0 = Release|Any CPU
		{E86722F0-5920-44F4-9416-B4EEFCF2C4CA}.Debug|Any CPU.ActiveCfg = Debug|Any CPU
		{E86722F0-5920-44F4-9416-B4EEFCF2C4CA}.Debug|Any CPU.Build.0 = Debug|Any CPU
		{E86722F0-5920-44F4-9416-B4EEFCF2C4CA}.Release|Any CPU.ActiveCfg = Release|Any CPU
		{E86722F0-5920-44F4-9416-B4EEFCF2C4CA}.Release|Any CPU.Build.0 = Release|Any CPU
		{899317C3-C052-4AA1-BD86-33424B09DD9D}.Debug|Any CPU.ActiveCfg = Debug|Any CPU
		{899317C3-C052-4AA1-BD86-33424B09DD9D}.Debug|Any CPU.Build.0 = Debug|Any CPU
		{899317C3-C052-4AA1-BD86-33424B09DD9D}.Release|Any CPU.ActiveCfg = Release|Any CPU
		{899317C3-C052-4AA1-BD86-33424B09DD9D}.Release|Any CPU.Build.0 = Release|Any CPU
	EndGlobalSection
	GlobalSection(SolutionProperties) = preSolution
		HideSolutionNode = FALSE
	EndGlobalSection
	GlobalSection(ExtensibilityGlobals) = postSolution
		SolutionGuid = {90FA4F3E-C636-4530-BD54-FB37A5A816F0}
	EndGlobalSection
EndGlobal
